{
  "name": "react-native-smart-pull-to-refresh-listview",
  "version": "1.6.5",
  "lockfileVersion": 1,
  "requires": true,
  "dependencies": {
    "react-native-smart-timer-enhance": {
      "version": "1.0.3",
      "resolved": "http://registry.npm.taobao.org/react-native-smart-timer-enhance/download/react-native-smart-timer-enhance-1.0.3.tgz",
      "integrity": "sha1-R93Bm+WmwZGERJA5SV8lVGvNlP4="
    }
  }
}
